
Microsoft Visual Studio Solution File, Format Version 12.00
# Visual Studio Version 17
VisualStudioVersion = 17.4.33213.308
MinimumVisualStudioVersion = 10.0.40219.1
Project("{FAE04EC0-301F-11D3-BF4B-00C04F79EFBC}") = "OCRExample", "OCRExample\OCRExample.csproj", "{8388836A-D96E-40B0-BA6E-AB9435364BBB}"
EndProject
Global
	GlobalSection(SolutionConfigurationPlatforms) = preSolution
		Debug|Any CPU = Debug|Any CPU
		Release|Any CPU = Release|Any CPU
	EndGlobalSection
	GlobalSection(ProjectConfigurationPlatforms) = postSolution
		{8388836A-D96E-40B0-BA6E-AB9435364BBB}.Debug|Any CPU.ActiveCfg = Debug|Any CPU
		{8388836A-D96E-40B0-BA6E-AB9435364BBB}.Debug|Any CPU.Build.0 = Debug|Any CPU
		{8388836A-D96E-40B0-BA6E-AB9435364BBB}.Release|Any CPU.ActiveCfg = Release|Any CPU
		{8388836A-D96E-40B0-BA6E-AB9435364BBB}.Release|Any CPU.Build.0 = Release|Any CPU
	EndGlobalSection
	GlobalSection(SolutionProperties) = preSolution
		HideSolutionNode = FALSE
	EndGlobalSection
	GlobalSection(ExtensibilityGlobals) = postSolution
		SolutionGuid = {1B3D37E0-68B7-4618-A960-F95A8E0CFCDC}
	EndGlobalSection
EndGlobal
